
Microsoft Visual Studio Solution File, Format Version 12.00
# Visual Studio Version 17
VisualStudioVersion = 17.7.34031.279
MinimumVisualStudioVersion = 10.0.40219.1
Project("{FAE04EC0-301F-11D3-BF4B-00C04F79EFBC}") = "openlab-project", "openlab-project\openlab-project.csproj", "{B547EB9D-FDBC-4D3A-A5D5-011A71E23379}"
EndProject
Global
	GlobalSection(SolutionConfigurationPlatforms) = preSolution
		Debug|Any CPU = Debug|Any CPU
		Release|Any CPU = Release|Any CPU
	EndGlobalSection
	GlobalSection(ProjectConfigurationPlatforms) = postSolution
		{B547EB9D-FDBC-4D3A-A5D5-011A71E23379}.Debug|Any CPU.ActiveCfg = Debug|Any CPU
		{B547EB9D-FDBC-4D3A-A5D5-011A71E23379}.Debug|Any CPU.Build.0 = Debug|Any CPU
		{B547EB9D-FDBC-4D3A-A5D5-011A71E23379}.Release|Any CPU.ActiveCfg = Release|Any CPU
		{B547EB9D-FDBC-4D3A-A5D5-011A71E23379}.Release|Any CPU.Build.0 = Release|Any CPU
	EndGlobalSection
	GlobalSection(SolutionProperties) = preSolution
		HideSolutionNode = FALSE
	EndGlobalSection
	GlobalSection(ExtensibilityGlobals) = postSolution
		SolutionGuid = {4220F777-28CB-4D42-81E2-E931F9B5AA07}
	EndGlobalSection
EndGlobal
